
Microsoft Visual Studio Solution File, Format Version 12.00
# Visual Studio Version 17
VisualStudioVersion = 17.5.33530.505
MinimumVisualStudioVersion = 10.0.40219.1
Project("{8BC9CEB8-8B4A-11D0-8D11-00A0C91BC942}") = "TimeServer", "TimeServer\TimeServer.vcxproj", "{759F07C5-A6E8-41D3-936B-AB3FAC1A0F6D}"
EndProject
Global
	GlobalSection(SolutionConfigurationPlatforms) = preSolution
		Debug|x64 = Debug|x64
		Debug|x86 = Debug|x86
		Release|x64 = Release|x64
		Release|x86 = Release|x86
	EndGlobalSection
	GlobalSection(ProjectConfigurationPlatforms) = postSolution
		{759F07C5-A6E8-41D3-936B-AB3FAC1A0F6D}.Debug|x64.ActiveCfg = Debug|x64
		{759F07C5-A6E8-41D3-936B-AB3FAC1A0F6D}.Debug|x64.Build.0 = Debug|x64
		{759F07C5-A6E8-41D3-936B-AB3FAC1A0F6D}.Debug|x86.ActiveCfg = Debug|Win32
		{759F07C5-A6E8-41D3-936B-AB3FAC1A0F6D}.Debug|x86.Build.0 = Debug|Win32
		{759F07C5-A6E8-41D3-936B-AB3FAC1A0F6D}.Release|x64.ActiveCfg = Release|x64
		{759F07C5-A6E8-41D3-936B-AB3FAC1A0F6D}.Release|x64.Build.0 = Release|x64
		{759F07C5-A6E8-41D3-936B-AB3FAC1A0F6D}.Release|x86.ActiveCfg = Release|Win32
		{759F07C5-A6E8-41D3-936B-AB3FAC1A0F6D}.Release|x86.Build.0 = Release|Win32
	EndGlobalSection
	GlobalSection(SolutionProperties) = preSolution
		HideSolutionNode = FALSE
	EndGlobalSection
	GlobalSection(ExtensibilityGlobals) = postSolution
		SolutionGuid = {406143CE-4610-4E3A-9B49-5FFC15CC59EF}
	EndGlobalSection
EndGlobal
